# This file is automatically @generated by pesde.
# It is not intended for manual editing.
format = 2
name = "ernisto/rng"
version = "0.3.0-alpha"
target = "luau"

[graph."ernisto/rng@0.3.0-alpha luau"]
direct = ["rng", { name = "ernisto/rng", version = "^0.3.0-alpha", index = "default" }, "standard"]

[graph."ernisto/rng@0.3.0-alpha luau".pkg_ref]
ref_ty = "pesde"
index_url = "https://github.com/pesde-pkg/index"
